{
    "name": "app10",
    "version": "0.0.0",
    "lockfileVersion": 1,
    "requires": true,
    "dependencies": {
        "auth-header": {
            "version": "1.0.0",
            "resolved": "https://registry.npmjs.org/auth-header/-/auth-header-1.0.0.tgz",
            "integrity": "sha512-CPPazq09YVDUNNVWo4oSPTQmtwIzHusZhQmahCKvIsk0/xH6U3QsMAv3sM+7+Q0B1K2KJ/Q38OND317uXs4NHA=="
        }
    }
}
